<?xml version="1.0" encoding="utf-8"?>
<Project ToolsVersion="18.0" xmlns="http://schemas.microsoft.com/developer/msbuild/2003">
  <ItemGroup>
    <CustomBuild Include="G:\Programming\Engine\CMakeFiles\5f3f7d06d2d8bdd75ecc4372de3e89ed\update_mappings.rule">
      <Filter>CMake Rules</Filter>
    </CustomBuild>
    <CustomBuild Include="G:\Programming\Engine\libraries\glfw\src\CMakeLists.txt" />
  </ItemGroup>
  <ItemGroup>
    <None Include="G:\Programming\Engine\libraries\glfw\src\mappings.h.in">
      <Filter>Header Files</Filter>
    </None>
    <None Include="G:\Programming\Engine\libraries\glfw\CMake\GenerateMappings.cmake" />
    <None Include="G:\Programming\Engine\libraries\glfw\src\CMakeFiles\update_mappings" />
  </ItemGroup>
  <ItemGroup>
    <Filter Include="CMake Rules">
      <UniqueIdentifier>{A7970E0C-9004-34FE-B968-02B5B4ED6CEE}</UniqueIdentifier>
    </Filter>
    <Filter Include="Header Files">
      <UniqueIdentifier>{36F0CE42-9F2F-3488-B4BB-049B4E26DE67}</UniqueIdentifier>
    </Filter>
  </ItemGroup>
</Project>
