<?xml version="1.0" encoding="UTF-8"?>
<Solution>
	<Configurations>
		<BuildType Name="Debug"/>
		<BuildType Name="Release"/>
		<BuildType Name="MinSizeRel"/>
		<BuildType Name="RelWithDebInfo"/>
		<Platform Name="x64"/>
	</Configurations>
	<Project Path="UpdateAssimpLibsDebugSymbolsAndDLLs.vcxproj" Type="8bc9ceb8-8b4a-11d0-8d11-00a0c91bc942" Id="01a5dbe1-ba91-3ab4-bd0f-63edbbc72ce2">
		<BuildDependency Project="../../ZERO_CHECK.vcxproj"/>
		<Build Solution="Debug|*" Project="false"/>
		<Build Solution="Release|*" Project="false"/>
		<Build Solution="MinSizeRel|*" Project="false"/>
		<Build Solution="RelWithDebInfo|*" Project="false"/>
	</Project>
	<Project Path="code/assimp.vcxproj" Type="8bc9ceb8-8b4a-11d0-8d11-00a0c91bc942" Id="3d9521b2-b9c5-3d4c-ae5e-8ee120f49f57">
		<BuildDependency Project="../../ZERO_CHECK.vcxproj"/>
		<BuildDependency Project="contrib/zlib/zlibstatic.vcxproj"/>
	</Project>
	<Project Path="contrib/zlib/zlibstatic.vcxproj" Type="8bc9ceb8-8b4a-11d0-8d11-00a0c91bc942" Id="9f60d1f1-abbe-3698-8146-dbcb1b14cc7d">
		<BuildDependency Project="../../ZERO_CHECK.vcxproj"/>
	</Project>
	<Folder Name="/CMakePredefinedTargets/">
		<Project Path="ALL_BUILD.vcxproj" Type="8bc9ceb8-8b4a-11d0-8d11-00a0c91bc942" Id="24e891dd-105e-37a4-be97-a3fa7471ed64" DefaultStartup="true">
			<BuildDependency Project="../../ZERO_CHECK.vcxproj"/>
			<BuildDependency Project="code/assimp.vcxproj"/>
			<BuildDependency Project="contrib/zlib/zlibstatic.vcxproj"/>
		</Project>
		<Project Path="INSTALL.vcxproj" Type="8bc9ceb8-8b4a-11d0-8d11-00a0c91bc942" Id="245ed9b3-301b-3e32-ba43-d42fbe498c7b">
			<BuildDependency Project="ALL_BUILD.vcxproj"/>
			<BuildDependency Project="../../ZERO_CHECK.vcxproj"/>
			<Build Solution="Debug|*" Project="false"/>
			<Build Solution="Release|*" Project="false"/>
			<Build Solution="MinSizeRel|*" Project="false"/>
			<Build Solution="RelWithDebInfo|*" Project="false"/>
		</Project>
		<Project Path="../../ZERO_CHECK.vcxproj" Type="8bc9ceb8-8b4a-11d0-8d11-00a0c91bc942" Id="951ec5fc-a8dc-384e-a438-a8b82d8bc4e8"/>
	</Folder>
</Solution>
